
Microsoft Visual Studio Solution File, Format Version 12.00
# Visual Studio 15
VisualStudioVersion = 15.0.28307.572
MinimumVisualStudioVersion = 10.0.40219.1
Project("{FAE04EC0-301F-11D3-BF4B-00C04F79EFBC}") = "BinarySearch", "BinarySearch\BinarySearch.csproj", "{3B29A297-DF5F-48F2-8209-770B85E6AA91}"
EndProject
Project("{FAE04EC0-301F-11D3-BF4B-00C04F79EFBC}") = "ReverseString", "ReverstString\ReverseString.csproj", "{780019CB-B208-4B1D-A064-ABDB5E206046}"
EndProject
Project("{FAE04EC0-301F-11D3-BF4B-00C04F79EFBC}") = "PrimeNumbers", "PrimeNumbers\PrimeNumbers.csproj", "{D78D88BB-B343-4C43-AC8C-9B4CC40E212D}"
EndProject
Project("{FAE04EC0-301F-11D3-BF4B-00C04F79EFBC}") = "Factorial", "Factorial\Factorial.csproj", "{5E6BC5B0-E86A-4395-A6A4-9D82223EDFA4}"
EndProject
Project("{FAE04EC0-301F-11D3-BF4B-00C04F79EFBC}") = "FizzBuzz", "FizzBuzz\FizzBuzz.csproj", "{F6F45D6D-24DF-4551-A214-295E8C65BE53}"
EndProject
Project("{FAE04EC0-301F-11D3-BF4B-00C04F79EFBC}") = "Fibonacci", "Fibonacci\Fibonacci.csproj", "{A932F390-6EB9-44EF-B20E-0176855E762B}"
EndProject
Project("{2150E333-8FDC-42A3-9474-1A3956D46DE8}") = "Solution Items", "Solution Items", "{F5EE7CA4-9FCE-4EC7-8B09-BE81BA028058}"
	ProjectSection(SolutionItems) = preProject
		.gitignore = .gitignore
	EndProjectSection
EndProject
Project("{FAE04EC0-301F-11D3-BF4B-00C04F79EFBC}") = "MiscQuestions", "MiscQuestions\MiscQuestions.csproj", "{F175BC3C-C0B5-4BCF-A770-31EA78FE4C42}"
EndProject
Global
	GlobalSection(SolutionConfigurationPlatforms) = preSolution
		Debug|Any CPU = Debug|Any CPU
		Release|Any CPU = Release|Any CPU
	EndGlobalSection
	GlobalSection(ProjectConfigurationPlatforms) = postSolution
		{3B29A297-DF5F-48F2-8209-770B85E6AA91}.Debug|Any CPU.ActiveCfg = Debug|Any CPU
		{3B29A297-DF5F-48F2-8209-770B85E6AA91}.Debug|Any CPU.Build.0 = Debug|Any CPU
		{3B29A297-DF5F-48F2-8209-770B85E6AA91}.Release|Any CPU.ActiveCfg = Release|Any CPU
		{3B29A297-DF5F-48F2-8209-770B85E6AA91}.Release|Any CPU.Build.0 = Release|Any CPU
		{780019CB-B208-4B1D-A064-ABDB5E206046}.Debug|Any CPU.ActiveCfg = Debug|Any CPU
		{780019CB-B208-4B1D-A064-ABDB5E206046}.Debug|Any CPU.Build.0 = Debug|Any CPU
		{780019CB-B208-4B1D-A064-ABDB5E206046}.Release|Any CPU.ActiveCfg = Release|Any CPU
		{780019CB-B208-4B1D-A064-ABDB5E206046}.Release|Any CPU.Build.0 = Release|Any CPU
		{D78D88BB-B343-4C43-AC8C-9B4CC40E212D}.Debug|Any CPU.ActiveCfg = Debug|Any CPU
		{D78D88BB-B343-4C43-AC8C-9B4CC40E212D}.Debug|Any CPU.Build.0 = Debug|Any CPU
		{D78D88BB-B343-4C43-AC8C-9B4CC40E212D}.Release|Any CPU.ActiveCfg = Release|Any CPU
		{D78D88BB-B343-4C43-AC8C-9B4CC40E212D}.Release|Any CPU.Build.0 = Release|Any CPU
		{5E6BC5B0-E86A-4395-A6A4-9D82223EDFA4}.Debug|Any CPU.ActiveCfg = Debug|Any CPU
		{5E6BC5B0-E86A-4395-A6A4-9D82223EDFA4}.Debug|Any CPU.Build.0 = Debug|Any CPU
		{5E6BC5B0-E86A-4395-A6A4-9D82223EDFA4}.Release|Any CPU.ActiveCfg = Release|Any CPU
		{5E6BC5B0-E86A-4395-A6A4-9D82223EDFA4}.Release|Any CPU.Build.0 = Release|Any CPU
		{F6F45D6D-24DF-4551-A214-295E8C65BE53}.Debug|Any CPU.ActiveCfg = Debug|Any CPU
		{F6F45D6D-24DF-4551-A214-295E8C65BE53}.Debug|Any CPU.Build.0 = Debug|Any CPU
		{F6F45D6D-24DF-4551-A214-295E8C65BE53}.Release|Any CPU.ActiveCfg = Release|Any CPU
		{F6F45D6D-24DF-4551-A214-295E8C65BE53}.Release|Any CPU.Build.0 = Release|Any CPU
		{A932F390-6EB9-44EF-B20E-0176855E762B}.Debug|Any CPU.ActiveCfg = Debug|Any CPU
		{A932F390-6EB9-44EF-B20E-0176855E762B}.Debug|Any CPU.Build.0 = Debug|Any CPU
		{A932F390-6EB9-44EF-B20E-0176855E762B}.Release|Any CPU.ActiveCfg = Release|Any CPU
		{A932F390-6EB9-44EF-B20E-0176855E762B}.Release|Any CPU.Build.0 = Release|Any CPU
		{F175BC3C-C0B5-4BCF-A770-31EA78FE4C42}.Debug|Any CPU.ActiveCfg = Debug|Any CPU
		{F175BC3C-C0B5-4BCF-A770-31EA78FE4C42}.Debug|Any CPU.Build.0 = Debug|Any CPU
		{F175BC3C-C0B5-4BCF-A770-31EA78FE4C42}.Release|Any CPU.ActiveCfg = Release|Any CPU
		{F175BC3C-C0B5-4BCF-A770-31EA78FE4C42}.Release|Any CPU.Build.0 = Release|Any CPU
	EndGlobalSection
	GlobalSection(SolutionProperties) = preSolution
		HideSolutionNode = FALSE
	EndGlobalSection
	GlobalSection(ExtensibilityGlobals) = postSolution
		SolutionGuid = {DC43B7B8-4C2B-4AAA-AA95-AB48BD41D731}
	EndGlobalSection
EndGlobal
